// !$*UTF8*$!
{
	archiveVersion = 1;
	classes = {
	};
	objectVersion = 50;
	objects = {

/* Begin PBXBuildFile section */
		A516988B2603E37E00C3FC26 /* Test_taskApp.swift in Sources */ = {isa = PBXBuildFile; fileRef = A516988A2603E37E00C3FC26 /* Test_taskApp.swift */; };
		A516988D2603E37E00C3FC26 /* ContentView.swift in Sources */ = {isa = PBXBuildFile; fileRef = A516988C2603E37E00C3FC26 /* ContentView.swift */; };
		A516988F2603E38100C3FC26 /* Assets.xcassets in Resources */ = {isa = PBXBuildFile; fileRef = A516988E2603E38100C3FC26 /* Assets.xcassets */; };
		A51698922603E38100C3FC26 /* Preview Assets.xcassets in Resources */ = {isa = PBXBuildFile; fileRef = A51698912603E38100C3FC26 /* Preview Assets.xcassets */; };
		A516989D2603E38100C3FC26 /* Test_taskTests.swift in Sources */ = {isa = PBXBuildFile; fileRef = A516989C2603E38100C3FC26 /* Test_taskTests.swift */; };
		A51698A82603E38100C3FC26 /* Test_taskUITests.swift in Sources */ = {isa = PBXBuildFile; fileRef = A51698A72603E38100C3FC26 /* Test_taskUITests.swift */; };
		A51698BA2603E44400C3FC26 /* LoginView.swift in Sources */ = {isa = PBXBuildFile; fileRef = A51698B92603E44400C3FC26 /* LoginView.swift */; };
		A51698C1260400AA00C3FC26 /* CustomButtonStyle.swift in Sources */ = {isa = PBXBuildFile; fileRef = A51698C0260400AA00C3FC26 /* CustomButtonStyle.swift */; };
		A57B7FC72607E30B0012D2A1 /* Users.swift in Sources */ = {isa = PBXBuildFile; fileRef = A57B7FC62607E30B0012D2A1 /* Users.swift */; };
		A5BCEBE32606638F00BD36B0 /* Network Manager.swift in Sources */ = {isa = PBXBuildFile; fileRef = A5BCEBE22606638F00BD36B0 /* Network Manager.swift */; };
		A5BCEBEB26066F1F00BD36B0 /* RegisterView.swift in Sources */ = {isa = PBXBuildFile; fileRef = A5BCEBEA26066F1F00BD36B0 /* RegisterView.swift */; };
		A5BCEBF02606B4A400BD36B0 /* CustomButton.swift in Sources */ = {isa = PBXBuildFile; fileRef = A5BCEBEF2606B4A400BD36B0 /* CustomButton.swift */; };
/* End PBXBuildFile section */

/* Begin PBXContainerItemProxy section */
		A51698992603E38100C3FC26 /* PBXContainerItemProxy */ = {
			isa = PBXContainerItemProxy;
			containerPortal = A516987F2603E37E00C3FC26 /* Project object */;
			proxyType = 1;
			remoteGlobalIDString = A51698862603E37E00C3FC26;
			remoteInfo = "Test task";
		};
		A51698A42603E38100C3FC26 /* PBXContainerItemProxy */ = {
			isa = PBXContainerItemProxy;
			containerPortal = A516987F2603E37E00C3FC26 /* Project object */;
			proxyType = 1;
			remoteGlobalIDString = A51698862603E37E00C3FC26;
			remoteInfo = "Test task";
		};
/* End PBXContainerItemProxy section */

/* Begin PBXFileReference section */
		A51698872603E37E00C3FC26 /* Test task.app */ = {isa = PBXFileReference; explicitFileType = wrapper.application; includeInIndex = 0; path = "Test task.app"; sourceTree = BUILT_PRODUCTS_DIR; };
		A516988A2603E37E00C3FC26 /* Test_taskApp.swift */ = {isa = PBXFileReference; lastKnownFileType = sourcecode.swift; path = Test_taskApp.swift; sourceTree = "<group>"; };
		A516988C2603E37E00C3FC26 /* ContentView.swift */ = {isa = PBXFileReference; lastKnownFileType = sourcecode.swift; path = ContentView.swift; sourceTree = "<group>"; };
		A516988E2603E38100C3FC26 /* Assets.xcassets */ = {isa = PBXFileReference; lastKnownFileType = folder.assetcatalog; path = Assets.xcassets; sourceTree = "<group>"; };
		A51698912603E38100C3FC26 /* Preview Assets.xcassets */ = {isa = PBXFileReference; lastKnownFileType = folder.assetcatalog; path = "Preview Assets.xcassets"; sourceTree = "<group>"; };
		A51698932603E38100C3FC26 /* Info.plist */ = {isa = PBXFileReference; lastKnownFileType = text.plist.xml; path = Info.plist; sourceTree = "<group>"; };
		A51698982603E38100C3FC26 /* Test taskTests.xctest */ = {isa = PBXFileReference; explicitFileType = wrapper.cfbundle; includeInIndex = 0; path = "Test taskTests.xctest"; sourceTree = BUILT_PRODUCTS_DIR; };
		A516989C2603E38100C3FC26 /* Test_taskTests.swift */ = {isa = PBXFileReference; lastKnownFileType = sourcecode.swift; path = Test_taskTests.swift; sourceTree = "<group>"; };
		A516989E2603E38100C3FC26 /* Info.plist */ = {isa = PBXFileReference; lastKnownFileType = text.plist.xml; path = Info.plist; sourceTree = "<group>"; };
		A51698A32603E38100C3FC26 /* Test taskUITests.xctest */ = {isa = PBXFileReference; explicitFileType = wrapper.cfbundle; includeInIndex = 0; path = "Test taskUITests.xctest"; sourceTree = BUILT_PRODUCTS_DIR; };
		A51698A72603E38100C3FC26 /* Test_taskUITests.swift */ = {isa = PBXFileReference; lastKnownFileType = sourcecode.swift; path = Test_taskUITests.swift; sourceTree = "<group>"; };
		A51698A92603E38100C3FC26 /* Info.plist */ = {isa = PBXFileReference; lastKnownFileType = text.plist.xml; path = Info.plist; sourceTree = "<group>"; };
		A51698B92603E44400C3FC26 /* LoginView.swift */ = {isa = PBXFileReference; lastKnownFileType = sourcecode.swift; path = LoginView.swift; sourceTree = "<group>"; };
		A51698C0260400AA00C3FC26 /* CustomButtonStyle.swift */ = {isa = PBXFileReference; lastKnownFileType = sourcecode.swift; path = CustomButtonStyle.swift; sourceTree = "<group>"; };
		A57B7FC62607E30B0012D2A1 /* Users.swift */ = {isa = PBXFileReference; lastKnownFileType = sourcecode.swift; path = Users.swift; sourceTree = "<group>"; };
		A5BCEBE22606638F00BD36B0 /* Network Manager.swift */ = {isa = PBXFileReference; lastKnownFileType = sourcecode.swift; path = "Network Manager.swift"; sourceTree = "<group>"; };
		A5BCEBEA26066F1F00BD36B0 /* RegisterView.swift */ = {isa = PBXFileReference; lastKnownFileType = sourcecode.swift; path = RegisterView.swift; sourceTree = "<group>"; };
		A5BCEBEF2606B4A400BD36B0 /* CustomButton.swift */ = {isa = PBXFileReference; lastKnownFileType = sourcecode.swift; path = CustomButton.swift; sourceTree = "<group>"; };
/* End PBXFileReference section */

/* Begin PBXFrameworksBuildPhase section */
		A51698842603E37E00C3FC26 /* Frameworks */ = {
			isa = PBXFrameworksBuildPhase;
			buildActionMask = 2147483647;
			files = (
			);
			runOnlyForDeploymentPostprocessing = 0;
		};
		A51698952603E38100C3FC26 /* Frameworks */ = {
			isa = PBXFrameworksBuildPhase;
			buildActionMask = 2147483647;
			files = (
			);
			runOnlyForDeploymentPostprocessing = 0;
		};
		A51698A02603E38100C3FC26 /* Frameworks */ = {
			isa = PBXFrameworksBuildPhase;
			buildActionMask = 2147483647;
			files = (
			);
			runOnlyForDeploymentPostprocessing = 0;
		};
/* End PBXFrameworksBuildPhase section */

/* Begin PBXGroup section */
		A516987E2603E37E00C3FC26 = {
			isa = PBXGroup;
			children = (
				A51698892603E37E00C3FC26 /* Test task */,
				A516989B2603E38100C3FC26 /* Test taskTests */,
				A51698A62603E38100C3FC26 /* Test taskUITests */,
				A51698882603E37E00C3FC26 /* Products */,
			);
			sourceTree = "<group>";
		};
		A51698882603E37E00C3FC26 /* Products */ = {
			isa = PBXGroup;
			children = (
				A51698872603E37E00C3FC26 /* Test task.app */,
				A51698982603E38100C3FC26 /* Test taskTests.xctest */,
				A51698A32603E38100C3FC26 /* Test taskUITests.xctest */,
			);
			name = Products;
			sourceTree = "<group>";
		};
		A51698892603E37E00C3FC26 /* Test task */ = {
			isa = PBXGroup;
			children = (
				A57B7FC52607E2F20012D2A1 /* Models */,
				A51698B82603E39E00C3FC26 /* Views */,
				A516988A2603E37E00C3FC26 /* Test_taskApp.swift */,
				A516988E2603E38100C3FC26 /* Assets.xcassets */,
				A51698932603E38100C3FC26 /* Info.plist */,
				A51698902603E38100C3FC26 /* Preview Content */,
				A5BCEBE22606638F00BD36B0 /* Network Manager.swift */,
			);
			path = "Test task";
			sourceTree = "<group>";
		};
		A51698902603E38100C3FC26 /* Preview Content */ = {
			isa = PBXGroup;
			children = (
				A51698912603E38100C3FC26 /* Preview Assets.xcassets */,
			);
			path = "Preview Content";
			sourceTree = "<group>";
		};
		A516989B2603E38100C3FC26 /* Test taskTests */ = {
			isa = PBXGroup;
			children = (
				A516989C2603E38100C3FC26 /* Test_taskTests.swift */,
				A516989E2603E38100C3FC26 /* Info.plist */,
			);
			path = "Test taskTests";
			sourceTree = "<group>";
		};
		A51698A62603E38100C3FC26 /* Test taskUITests */ = {
			isa = PBXGroup;
			children = (
				A51698A72603E38100C3FC26 /* Test_taskUITests.swift */,
				A51698A92603E38100C3FC26 /* Info.plist */,
			);
			path = "Test taskUITests";
			sourceTree = "<group>";
		};
		A51698B82603E39E00C3FC26 /* Views */ = {
			isa = PBXGroup;
			children = (
				A516988C2603E37E00C3FC26 /* ContentView.swift */,
				A51698B92603E44400C3FC26 /* LoginView.swift */,
				A5BCEBEF2606B4A400BD36B0 /* CustomButton.swift */,
				A5BCEBEA26066F1F00BD36B0 /* RegisterView.swift */,
				A51698C0260400AA00C3FC26 /* CustomButtonStyle.swift */,
			);
			path = Views;
			sourceTree = "<group>";
		};
		A57B7FC52607E2F20012D2A1 /* Models */ = {
			isa = PBXGroup;
			children = (
				A57B7FC62607E30B0012D2A1 /* Users.swift */,
			);
			path = Models;
			sourceTree = "<group>";
		};
/* End PBXGroup section */

/* Begin PBXNativeTarget section */
		A51698862603E37E00C3FC26 /* Test task */ = {
			isa = PBXNativeTarget;
			buildConfigurationList = A51698AC2603E38100C3FC26 /* Build configuration list for PBXNativeTarget "Test task" */;
			buildPhases = (
				A51698832603E37E00C3FC26 /* Sources */,
				A51698842603E37E00C3FC26 /* Frameworks */,
				A51698852603E37E00C3FC26 /* Resources */,
			);
			buildRules = (
			);
			dependencies = (
			);
			name = "Test task";
			productName = "Test task";
			productReference = A51698872603E37E00C3FC26 /* Test task.app */;
			productType = "com.apple.product-type.application";
		};
		A51698972603E38100C3FC26 /* Test taskTests */ = {
			isa = PBXNativeTarget;
			buildConfigurationList = A51698AF2603E38100C3FC26 /* Build configuration list for PBXNativeTarget "Test taskTests" */;
			buildPhases = (
				A51698942603E38100C3FC26 /* Sources */,
				A51698952603E38100C3FC26 /* Frameworks */,
				A51698962603E38100C3FC26 /* Resources */,
			);
			buildRules = (
			);
			dependencies = (
				A516989A2603E38100C3FC26 /* PBXTargetDependency */,
			);
			name = "Test taskTests";
			productName = "Test taskTests";
			productReference = A51698982603E38100C3FC26 /* Test taskTests.xctest */;
			productType = "com.apple.product-type.bundle.unit-test";
		};
		A51698A22603E38100C3FC26 /* Test taskUITests */ = {
			isa = PBXNativeTarget;
			buildConfigurationList = A51698B22603E38100C3FC26 /* Build configuration list for PBXNativeTarget "Test taskUITests" */;
			buildPhases = (
				A516989F2603E38100C3FC26 /* Sources */,
				A51698A02603E38100C3FC26 /* Frameworks */,
				A51698A12603E38100C3FC26 /* Resources */,
			);
			buildRules = (
			);
			dependencies = (
				A51698A52603E38100C3FC26 /* PBXTargetDependency */,
			);
			name = "Test taskUITests";
			productName = "Test taskUITests";
			productReference = A51698A32603E38100C3FC26 /* Test taskUITests.xctest */;
			productType = "com.apple.product-type.bundle.ui-testing";
		};
/* End PBXNativeTarget section */

/* Begin PBXProject section */
		A516987F2603E37E00C3FC26 /* Project object */ = {
			isa = PBXProject;
			attributes = {
				LastSwiftUpdateCheck = 1240;
				LastUpgradeCheck = 1240;
				TargetAttributes = {
					A51698862603E37E00C3FC26 = {
						CreatedOnToolsVersion = 12.4;
					};
					A51698972603E38100C3FC26 = {
						CreatedOnToolsVersion = 12.4;
						TestTargetID = A51698862603E37E00C3FC26;
					};
					A51698A22603E38100C3FC26 = {
						CreatedOnToolsVersion = 12.4;
						TestTargetID = A51698862603E37E00C3FC26;
					};
				};
			};
			buildConfigurationList = A51698822603E37E00C3FC26 /* Build configuration list for PBXProject "Test task" */;
			compatibilityVersion = "Xcode 9.3";
			developmentRegion = en;
			hasScannedForEncodings = 0;
			knownRegions = (
				en,
				Base,
			);
			mainGroup = A516987E2603E37E00C3FC26;
			productRefGroup = A51698882603E37E00C3FC26 /* Products */;
			projectDirPath = "";
			projectRoot = "";
			targets = (
				A51698862603E37E00C3FC26 /* Test task */,
				A51698972603E38100C3FC26 /* Test taskTests */,
				A51698A22603E38100C3FC26 /* Test taskUITests */,
			);
		};
/* End PBXProject section */

/* Begin PBXResourcesBuildPhase section */
		A51698852603E37E00C3FC26 /* Resources */ = {
			isa = PBXResourcesBuildPhase;
			buildActionMask = 2147483647;
			files = (
				A51698922603E38100C3FC26 /* Preview Assets.xcassets in Resources */,
				A516988F2603E38100C3FC26 /* Assets.xcassets in Resources */,
			);
			runOnlyForDeploymentPostprocessing = 0;
		};
		A51698962603E38100C3FC26 /* Resources */ = {
			isa = PBXResourcesBuildPhase;
			buildActionMask = 2147483647;
			files = (
			);
			runOnlyForDeploymentPostprocessing = 0;
		};
		A51698A12603E38100C3FC26 /* Resources */ = {
			isa = PBXResourcesBuildPhase;
			buildActionMask = 2147483647;
			files = (
			);
			runOnlyForDeploymentPostprocessing = 0;
		};
/* End PBXResourcesBuildPhase section */

/* Begin PBXSourcesBuildPhase section */
		A51698832603E37E00C3FC26 /* Sources */ = {
			isa = PBXSourcesBuildPhase;
			buildActionMask = 2147483647;
			files = (
				A57B7FC72607E30B0012D2A1 /* Users.swift in Sources */,
				A51698BA2603E44400C3FC26 /* LoginView.swift in Sources */,
				A5BCEBE32606638F00BD36B0 /* Network Manager.swift in Sources */,
				A516988D2603E37E00C3FC26 /* ContentView.swift in Sources */,
				A5BCEBEB26066F1F00BD36B0 /* RegisterView.swift in Sources */,
				A5BCEBF02606B4A400BD36B0 /* CustomButton.swift in Sources */,
				A51698C1260400AA00C3FC26 /* CustomButtonStyle.swift in Sources */,
				A516988B2603E37E00C3FC26 /* Test_taskApp.swift in Sources */,
			);
			runOnlyForDeploymentPostprocessing = 0;
		};
		A51698942603E38100C3FC26 /* Sources */ = {
			isa = PBXSourcesBuildPhase;
			buildActionMask = 2147483647;
			files = (
				A516989D2603E38100C3FC26 /* Test_taskTests.swift in Sources */,
			);
			runOnlyForDeploymentPostprocessing = 0;
		};
		A516989F2603E38100C3FC26 /* Sources */ = {
			isa = PBXSourcesBuildPhase;
			buildActionMask = 2147483647;
			files = (
				A51698A82603E38100C3FC26 /* Test_taskUITests.swift in Sources */,
			);
			runOnlyForDeploymentPostprocessing = 0;
		};
/* End PBXSourcesBuildPhase section */

/* Begin PBXTargetDependency section */
		A516989A2603E38100C3FC26 /* PBXTargetDependency */ = {
			isa = PBXTargetDependency;
			target = A51698862603E37E00C3FC26 /* Test task */;
			targetProxy = A51698992603E38100C3FC26 /* PBXContainerItemProxy */;
		};
		A51698A52603E38100C3FC26 /* PBXTargetDependency */ = {
			isa = PBXTargetDependency;
			target = A51698862603E37E00C3FC26 /* Test task */;
			targetProxy = A51698A42603E38100C3FC26 /* PBXContainerItemProxy */;
		};
/* End PBXTargetDependency section */

/* Begin XCBuildConfiguration section */
		A51698AA2603E38100C3FC26 /* Debug */ = {
			isa = XCBuildConfiguration;
			buildSettings = {
				ALWAYS_SEARCH_USER_PATHS = NO;
				CLANG_ANALYZER_NONNULL = YES;
				CLANG_ANALYZER_NUMBER_OBJECT_CONVERSION = YES_AGGRESSIVE;
				CLANG_CXX_LANGUAGE_STANDARD = "gnu++14";
				CLANG_CXX_LIBRARY = "libc++";
				CLANG_ENABLE_MODULES = YES;
				CLANG_ENABLE_OBJC_ARC = YES;
				CLANG_ENABLE_OBJC_WEAK = YES;
				CLANG_WARN_BLOCK_CAPTURE_AUTORELEASING = YES;
				CLANG_WARN_BOOL_CONVERSION = YES;
				CLANG_WARN_COMMA = YES;
				CLANG_WARN_CONSTANT_CONVERSION = YES;
				CLANG_WARN_DEPRECATED_OBJC_IMPLEMENTATIONS = YES;
				CLANG_WARN_DIRECT_OBJC_ISA_USAGE = YES_ERROR;
				CLANG_WARN_DOCUMENTATION_COMMENTS = YES;
				CLANG_WARN_EMPTY_BODY = YES;
				CLANG_WARN_ENUM_CONVERSION = YES;
				CLANG_WARN_INFINITE_RECURSION = YES;
				CLANG_WARN_INT_CONVERSION = YES;
				CLANG_WARN_NON_LITERAL_NULL_CONVERSION = YES;
				CLANG_WARN_OBJC_IMPLICIT_RETAIN_SELF = YES;
				CLANG_WARN_OBJC_LITERAL_CONVERSION = YES;
				CLANG_WARN_OBJC_ROOT_CLASS = YES_ERROR;
				CLANG_WARN_QUOTED_INCLUDE_IN_FRAMEWORK_HEADER = YES;
				CLANG_WARN_RANGE_LOOP_ANALYSIS = YES;
				CLANG_WARN_STRICT_PROTOTYPES = YES;
				CLANG_WARN_SUSPICIOUS_MOVE = YES;
				CLANG_WARN_UNGUARDED_AVAILABILITY = YES_AGGRESSIVE;
				CLANG_WARN_UNREACHABLE_CODE = YES;
				CLANG_WARN__DUPLICATE_METHOD_MATCH = YES;
				COPY_PHASE_STRIP = NO;
				DEBUG_INFORMATION_FORMAT = dwarf;
				ENABLE_STRICT_OBJC_MSGSEND = YES;
				ENABLE_TESTABILITY = YES;
				GCC_C_LANGUAGE_STANDARD = gnu11;
				GCC_DYNAMIC_NO_PIC = NO;
				GCC_NO_COMMON_BLOCKS = YES;
				GCC_OPTIMIZATION_LEVEL = 0;
				GCC_PREPROCESSOR_DEFINITIONS = (
					"DEBUG=1",
					"$(inherited)",
				);
				GCC_WARN_64_TO_32_BIT_CONVERSION = YES;
				GCC_WARN_ABOUT_RETURN_TYPE = YES_ERROR;
				GCC_WARN_UNDECLARED_SELECTOR = YES;
				GCC_WARN_UNINITIALIZED_AUTOS = YES_AGGRESSIVE;
				GCC_WARN_UNUSED_FUNCTION = YES;
				GCC_WARN_UNUSED_VARIABLE = YES;
				IPHONEOS_DEPLOYMENT_TARGET = 14.4;
				MTL_ENABLE_DEBUG_INFO = INCLUDE_SOURCE;
				MTL_FAST_MATH = YES;
				ONLY_ACTIVE_ARCH = YES;
				SDKROOT = iphoneos;
				SWIFT_ACTIVE_COMPILATION_CONDITIONS = DEBUG;
				SWIFT_OPTIMIZATION_LEVEL = "-Onone";
			};
			name = Debug;
		};
		A51698AB2603E38100C3FC26 /* Release */ = {
			isa = XCBuildConfiguration;
			buildSettings = {
				ALWAYS_SEARCH_USER_PATHS = NO;
				CLANG_ANALYZER_NONNULL = YES;
				CLANG_ANALYZER_NUMBER_OBJECT_CONVERSION = YES_AGGRESSIVE;
				CLANG_CXX_LANGUAGE_STANDARD = "gnu++14";
				CLANG_CXX_LIBRARY = "libc++";
				CLANG_ENABLE_MODULES = YES;
				CLANG_ENABLE_OBJC_ARC = YES;
				CLANG_ENABLE_OBJC_WEAK = YES;
				CLANG_WARN_BLOCK_CAPTURE_AUTORELEASING = YES;
				CLANG_WARN_BOOL_CONVERSION = YES;
				CLANG_WARN_COMMA = YES;
				CLANG_WARN_CONSTANT_CONVERSION = YES;
				CLANG_WARN_DEPRECATED_OBJC_IMPLEMENTATIONS = YES;
				CLANG_WARN_DIRECT_OBJC_ISA_USAGE = YES_ERROR;
				CLANG_WARN_DOCUMENTATION_COMMENTS = YES;
				CLANG_WARN_EMPTY_BODY = YES;
				CLANG_WARN_ENUM_CONVERSION = YES;
				CLANG_WARN_INFINITE_RECURSION = YES;
				CLANG_WARN_INT_CONVERSION = YES;
				CLANG_WARN_NON_LITERAL_NULL_CONVERSION = YES;
				CLANG_WARN_OBJC_IMPLICIT_RETAIN_SELF = YES;
				CLANG_WARN_OBJC_LITERAL_CONVERSION = YES;
				CLANG_WARN_OBJC_ROOT_CLASS = YES_ERROR;
				CLANG_WARN_QUOTED_INCLUDE_IN_FRAMEWORK_HEADER = YES;
				CLANG_WARN_RANGE_LOOP_ANALYSIS = YES;
				CLANG_WARN_STRICT_PROTOTYPES = YES;
				CLANG_WARN_SUSPICIOUS_MOVE = YES;
				CLANG_WARN_UNGUARDED_AVAILABILITY = YES_AGGRESSIVE;
				CLANG_WARN_UNREACHABLE_CODE = YES;
				CLANG_WARN__DUPLICATE_METHOD_MATCH = YES;
				COPY_PHASE_STRIP = NO;
				DEBUG_INFORMATION_FORMAT = "dwarf-with-dsym";
				ENABLE_NS_ASSERTIONS = NO;
				ENABLE_STRICT_OBJC_MSGSEND = YES;
				GCC_C_LANGUAGE_STANDARD = gnu11;
				GCC_NO_COMMON_BLOCKS = YES;
				GCC_WARN_64_TO_32_BIT_CONVERSION = YES;
				GCC_WARN_ABOUT_RETURN_TYPE = YES_ERROR;
				GCC_WARN_UNDECLARED_SELECTOR = YES;
				GCC_WARN_UNINITIALIZED_AUTOS = YES_AGGRESSIVE;
				GCC_WARN_UNUSED_FUNCTION = YES;
				GCC_WARN_UNUSED_VARIABLE = YES;
				IPHONEOS_DEPLOYMENT_TARGET = 14.4;
				MTL_ENABLE_DEBUG_INFO = NO;
				MTL_FAST_MATH = YES;
				SDKROOT = iphoneos;
				SWIFT_COMPILATION_MODE = wholemodule;
				SWIFT_OPTIMIZATION_LEVEL = "-O";
				VALIDATE_PRODUCT = YES;
			};
			name = Release;
		};
		A51698AD2603E38100C3FC26 /* Debug */ = {
			isa = XCBuildConfiguration;
			buildSettings = {
				ASSETCATALOG_COMPILER_APPICON_NAME = AppIcon;
				ASSETCATALOG_COMPILER_GLOBAL_ACCENT_COLOR_NAME = AccentColor;
				CODE_SIGN_STYLE = Automatic;
				DEVELOPMENT_ASSET_PATHS = "\"Test task/Preview Content\"";
				DEVELOPMENT_TEAM = RNER64Q73Y;
				ENABLE_PREVIEWS = YES;
				INFOPLIST_FILE = "Test task/Info.plist";
				IPHONEOS_DEPLOYMENT_TARGET = 14.0;
				LD_RUNPATH_SEARCH_PATHS = (
					"$(inherited)",
					"@executable_path/Frameworks",
				);
				PRODUCT_BUNDLE_IDENTIFIER = "ageres7.Test-task";
				PRODUCT_NAME = "$(TARGET_NAME)";
				SWIFT_VERSION = 5.0;
				TARGETED_DEVICE_FAMILY = "1,2";
			};
			name = Debug;
		};
		A51698AE2603E38100C3FC26 /* Release */ = {
			isa = XCBuildConfiguration;
			buildSettings = {
				ASSETCATALOG_COMPILER_APPICON_NAME = AppIcon;
				ASSETCATALOG_COMPILER_GLOBAL_ACCENT_COLOR_NAME = AccentColor;
				CODE_SIGN_STYLE = Automatic;
				DEVELOPMENT_ASSET_PATHS = "\"Test task/Preview Content\"";
				DEVELOPMENT_TEAM = RNER64Q73Y;
				ENABLE_PREVIEWS = YES;
				INFOPLIST_FILE = "Test task/Info.plist";
				IPHONEOS_DEPLOYMENT_TARGET = 14.0;
				LD_RUNPATH_SEARCH_PATHS = (
					"$(inherited)",
					"@executable_path/Frameworks",
				);
				PRODUCT_BUNDLE_IDENTIFIER = "ageres7.Test-task";
				PRODUCT_NAME = "$(TARGET_NAME)";
				SWIFT_VERSION = 5.0;
				TARGETED_DEVICE_FAMILY = "1,2";
			};
			name = Release;
		};
		A51698B02603E38100C3FC26 /* Debug */ = {
			isa = XCBuildConfiguration;
			buildSettings = {
				ALWAYS_EMBED_SWIFT_STANDARD_LIBRARIES = YES;
				BUNDLE_LOADER = "$(TEST_HOST)";
				CODE_SIGN_STYLE = Automatic;
				DEVELOPMENT_TEAM = RNER64Q73Y;
				INFOPLIST_FILE = "Test taskTests/Info.plist";
				IPHONEOS_DEPLOYMENT_TARGET = 14.0;
				LD_RUNPATH_SEARCH_PATHS = (
					"$(inherited)",
					"@executable_path/Frameworks",
					"@loader_path/Frameworks",
				);
				PRODUCT_BUNDLE_IDENTIFIER = "ageres7.Test-taskTests";
				PRODUCT_NAME = "$(TARGET_NAME)";
				SWIFT_VERSION = 5.0;
				TARGETED_DEVICE_FAMILY = "1,2";
				TEST_HOST = "$(BUILT_PRODUCTS_DIR)/Test task.app/Test task";
			};
			name = Debug;
		};
		A51698B12603E38100C3FC26 /* Release */ = {
			isa = XCBuildConfiguration;
			buildSettings = {
				ALWAYS_EMBED_SWIFT_STANDARD_LIBRARIES = YES;
				BUNDLE_LOADER = "$(TEST_HOST)";
				CODE_SIGN_STYLE = Automatic;
				DEVELOPMENT_TEAM = RNER64Q73Y;
				INFOPLIST_FILE = "Test taskTests/Info.plist";
				IPHONEOS_DEPLOYMENT_TARGET = 14.0;
				LD_RUNPATH_SEARCH_PATHS = (
					"$(inherited)",
					"@executable_path/Frameworks",
					"@loader_path/Frameworks",
				);
				PRODUCT_BUNDLE_IDENTIFIER = "ageres7.Test-taskTests";
				PRODUCT_NAME = "$(TARGET_NAME)";
				SWIFT_VERSION = 5.0;
				TARGETED_DEVICE_FAMILY = "1,2";
				TEST_HOST = "$(BUILT_PRODUCTS_DIR)/Test task.app/Test task";
			};
			name = Release;
		};
		A51698B32603E38100C3FC26 /* Debug */ = {
			isa = XCBuildConfiguration;
			buildSettings = {
				ALWAYS_EMBED_SWIFT_STANDARD_LIBRARIES = YES;
				CODE_SIGN_STYLE = Automatic;
				DEVELOPMENT_TEAM = RNER64Q73Y;
				INFOPLIST_FILE = "Test taskUITests/Info.plist";
				LD_RUNPATH_SEARCH_PATHS = (
					"$(inherited)",
					"@executable_path/Frameworks",
					"@loader_path/Frameworks",
				);
				PRODUCT_BUNDLE_IDENTIFIER = "ageres7.Test-taskUITests";
				PRODUCT_NAME = "$(TARGET_NAME)";
				SWIFT_VERSION = 5.0;
				TARGETED_DEVICE_FAMILY = "1,2";
				TEST_TARGET_NAME = "Test task";
			};
			name = Debug;
		};
		A51698B42603E38100C3FC26 /* Release */ = {
			isa = XCBuildConfiguration;
			buildSettings = {
				ALWAYS_EMBED_SWIFT_STANDARD_LIBRARIES = YES;
				CODE_SIGN_STYLE = Automatic;
				DEVELOPMENT_TEAM = RNER64Q73Y;
				INFOPLIST_FILE = "Test taskUITests/Info.plist";
				LD_RUNPATH_SEARCH_PATHS = (
					"$(inherited)",
					"@executable_path/Frameworks",
					"@loader_path/Frameworks",
				);
				PRODUCT_BUNDLE_IDENTIFIER = "ageres7.Test-taskUITests";
				PRODUCT_NAME = "$(TARGET_NAME)";
				SWIFT_VERSION = 5.0;
				TARGETED_DEVICE_FAMILY = "1,2";
				TEST_TARGET_NAME = "Test task";
			};
			name = Release;
		};
/* End XCBuildConfiguration section */

/* Begin XCConfigurationList section */
		A51698822603E37E00C3FC26 /* Build configuration list for PBXProject "Test task" */ = {
			isa = XCConfigurationList;
			buildConfigurations = (
				A51698AA2603E38100C3FC26 /* Debug */,
				A51698AB2603E38100C3FC26 /* Release */,
			);
			defaultConfigurationIsVisible = 0;
			defaultConfigurationName = Release;
		};
		A51698AC2603E38100C3FC26 /* Build configuration list for PBXNativeTarget "Test task" */ = {
			isa = XCConfigurationList;
			buildConfigurations = (
				A51698AD2603E38100C3FC26 /* Debug */,
				A51698AE2603E38100C3FC26 /* Release */,
			);
			defaultConfigurationIsVisible = 0;
			defaultConfigurationName = Release;
		};
		A51698AF2603E38100C3FC26 /* Build configuration list for PBXNativeTarget "Test taskTests" */ = {
			isa = XCConfigurationList;
			buildConfigurations = (
				A51698B02603E38100C3FC26 /* Debug */,
				A51698B12603E38100C3FC26 /* Release */,
			);
			defaultConfigurationIsVisible = 0;
			defaultConfigurationName = Release;
		};
		A51698B22603E38100C3FC26 /* Build configuration list for PBXNativeTarget "Test taskUITests" */ = {
			isa = XCConfigurationList;
			buildConfigurations = (
				A51698B32603E38100C3FC26 /* Debug */,
				A51698B42603E38100C3FC26 /* Release */,
			);
			defaultConfigurationIsVisible = 0;
			defaultConfigurationName = Release;
		};
/* End XCConfigurationList section */
	};
	rootObject = A516987F2603E37E00C3FC26 /* Project object */;
}
